<?xml version="1.0" encoding="UTF-8"?>
<CONFIG>
  <ProjectOptions>
    <Version Value="12"/>
    <General>
      <Flags>
        <MainUnitHasCreateFormStatements Value="False"/>
        <MainUnitHasTitleStatement Value="False"/>
        <MainUnitHasScaledStatement Value="False"/>
      </Flags>
      <SessionStorage Value="InProjectDir"/>
      <Title Value="ovoproxy"/>
      <UseAppBundle Value="False"/>
      <ResourceType Value="res"/>
    </General>
    <MacroValues Count="1">
      <Macro1 Name="LCLWidgetType" Value="nogui"/>
    </MacroValues>
    <BuildModes>
      <Item Name="Default" Default="True"/>
      <Item Name="Debug">
        <MacroValues Count="1">
          <Macro2 Name="LCLWidgetType" Value="nogui"/>
        </MacroValues>
        <CompilerOptions>
          <Version Value="11"/>
          <Target>
            <Filename Value="ovoproxy"/>
          </Target>
          <SearchPaths>
            <IncludeFiles Value="$(ProjOutDir)"/>
            <UnitOutputDirectory Value="lib/$(TargetCPU)-$(TargetOS)"/>
          </SearchPaths>
          <Linking>
            <Debugging>
              <DebugInfoType Value="dsDwarf3"/>
            </Debugging>
          </Linking>
        </CompilerOptions>
      </Item>
      <SharedMatrixOptions Count="2">
        <Item1 ID="321356725916" Modes="Default" Type="IDEMacro" MacroName="LCLWidgetType" Value="nogui"/>
        <Item2 ID="504166161181" Modes="Debug" Type="IDEMacro" MacroName="LCLWidgetType" Value="nogui"/>
      </SharedMatrixOptions>
    </BuildModes>
    <PublishOptions>
      <Version Value="2"/>
      <UseFileFilters Value="True"/>
    </PublishOptions>
    <RunParams>
      <FormatVersion Value="2"/>
    </RunParams>
    <RequiredPackages>
      <Item>
        <PackageName Value="indylaz"/>
      </Item>
    </RequiredPackages>
    <Units>
      <Unit>
        <Filename Value="ovoproxy.lpr"/>
        <IsPartOfProject Value="True"/>
      </Unit>
      <Unit>
        <Filename Value="ovoproxy.conf"/>
        <IsPartOfProject Value="True"/>
      </Unit>
    </Units>
  </ProjectOptions>
  <CompilerOptions>
    <Version Value="11"/>
    <Target>
      <Filename Value="ovoproxy"/>
    </Target>
    <SearchPaths>
      <IncludeFiles Value="$(ProjOutDir)"/>
      <UnitOutputDirectory Value="lib/$(TargetCPU)-$(TargetOS)"/>
    </SearchPaths>
    <CodeGeneration>
      <Optimizations>
        <OptimizationLevel Value="3"/>
      </Optimizations>
    </CodeGeneration>
  </CompilerOptions>
  <Debugging>
    <Exceptions>
      <Item>
        <Name Value="EAbort"/>
      </Item>
      <Item>
        <Name Value="ECodetoolError"/>
      </Item>
      <Item>
        <Name Value="EFOpenError"/>
      </Item>
      <Item>
        <Name Value="EIdConnClosedGracefully"/>
      </Item>
    </Exceptions>
  </Debugging>
</CONFIG>
